// !$*UTF8*$!
{
	archiveVersion = 1;
	classes = {
	};
	objectVersion = 52;
	objects = {

/* Begin PBXBuildFile section */
		30189CBB242D0163002A14EA /* PhotoGridCell.swift in Sources */ = {isa = PBXBuildFile; fileRef = 30189CBA242D0163002A14EA /* PhotoGridCell.swift */; };
		30189CBD242D01AE002A14EA /* StoryPhotoCell.swift in Sources */ = {isa = PBXBuildFile; fileRef = 30189CBC242D01AE002A14EA /* StoryPhotoCell.swift */; };
		30189CBF242D01F1002A14EA /* PostCell.swift in Sources */ = {isa = PBXBuildFile; fileRef = 30189CBE242D01F1002A14EA /* PostCell.swift */; };
		30189CC1242D0218002A14EA /* StoryHeader.swift in Sources */ = {isa = PBXBuildFile; fileRef = 30189CC0242D0218002A14EA /* StoryHeader.swift */; };
		30189CC5242D05BD002A14EA /* CreatePostHeader.swift in Sources */ = {isa = PBXBuildFile; fileRef = 30189CC4242D05BD002A14EA /* CreatePostHeader.swift */; };
		30189CC7242D2AE1002A14EA /* PostStoryCollroller.swift in Sources */ = {isa = PBXBuildFile; fileRef = 30189CC6242D2AE1002A14EA /* PostStoryCollroller.swift */; };
		30189CC9242D3031002A14EA /* StoryCell.swift in Sources */ = {isa = PBXBuildFile; fileRef = 30189CC8242D3031002A14EA /* StoryCell.swift */; };
		30189CCC242D4BAE002A14EA /* UIButton+Extension.swift in Sources */ = {isa = PBXBuildFile; fileRef = 30189CCB242D4BAE002A14EA /* UIButton+Extension.swift */; };
		302CFB1A242A7D7B0058A503 /* StoriesController.swift in Sources */ = {isa = PBXBuildFile; fileRef = 302CFB19242A7D7B0058A503 /* StoriesController.swift */; };
		309DB3FF242718AE00CD75AA /* AppDelegate.swift in Sources */ = {isa = PBXBuildFile; fileRef = 309DB3FE242718AE00CD75AA /* AppDelegate.swift */; };
		309DB401242718AE00CD75AA /* SceneDelegate.swift in Sources */ = {isa = PBXBuildFile; fileRef = 309DB400242718AE00CD75AA /* SceneDelegate.swift */; };
		309DB403242718AE00CD75AA /* ViewController.swift in Sources */ = {isa = PBXBuildFile; fileRef = 309DB402242718AE00CD75AA /* ViewController.swift */; };
		309DB406242718AE00CD75AA /* Main.storyboard in Resources */ = {isa = PBXBuildFile; fileRef = 309DB404242718AE00CD75AA /* Main.storyboard */; };
		309DB408242718B000CD75AA /* Assets.xcassets in Resources */ = {isa = PBXBuildFile; fileRef = 309DB407242718B000CD75AA /* Assets.xcassets */; };
		309DB40B242718B000CD75AA /* LaunchScreen.storyboard in Resources */ = {isa = PBXBuildFile; fileRef = 309DB409242718B000CD75AA /* LaunchScreen.storyboard */; };
		309DB4132427196000CD75AA /* ContentView.swift in Sources */ = {isa = PBXBuildFile; fileRef = 309DB4122427196000CD75AA /* ContentView.swift */; };
		309DB415242719AF00CD75AA /* MainController.swift in Sources */ = {isa = PBXBuildFile; fileRef = 309DB414242719AF00CD75AA /* MainController.swift */; };
		309DB41824271E4800CD75AA /* LBTATools in Frameworks */ = {isa = PBXBuildFile; productRef = 309DB41724271E4800CD75AA /* LBTATools */; };
		309DB41A2427282100CD75AA /* PhotosGridController.swift in Sources */ = {isa = PBXBuildFile; fileRef = 309DB4192427282100CD75AA /* PhotosGridController.swift */; };
/* End PBXBuildFile section */

/* Begin PBXFileReference section */
		30189CBA242D0163002A14EA /* PhotoGridCell.swift */ = {isa = PBXFileReference; lastKnownFileType = sourcecode.swift; path = PhotoGridCell.swift; sourceTree = "<group>"; };
		30189CBC242D01AE002A14EA /* StoryPhotoCell.swift */ = {isa = PBXFileReference; lastKnownFileType = sourcecode.swift; path = StoryPhotoCell.swift; sourceTree = "<group>"; };
		30189CBE242D01F1002A14EA /* PostCell.swift */ = {isa = PBXFileReference; lastKnownFileType = sourcecode.swift; path = PostCell.swift; sourceTree = "<group>"; };
		30189CC0242D0218002A14EA /* StoryHeader.swift */ = {isa = PBXFileReference; lastKnownFileType = sourcecode.swift; path = StoryHeader.swift; sourceTree = "<group>"; };
		30189CC4242D05BD002A14EA /* CreatePostHeader.swift */ = {isa = PBXFileReference; lastKnownFileType = sourcecode.swift; path = CreatePostHeader.swift; sourceTree = "<group>"; };
		30189CC6242D2AE1002A14EA /* PostStoryCollroller.swift */ = {isa = PBXFileReference; lastKnownFileType = sourcecode.swift; path = PostStoryCollroller.swift; sourceTree = "<group>"; };
		30189CC8242D3031002A14EA /* StoryCell.swift */ = {isa = PBXFileReference; lastKnownFileType = sourcecode.swift; path = StoryCell.swift; sourceTree = "<group>"; };
		30189CCB242D4BAE002A14EA /* UIButton+Extension.swift */ = {isa = PBXFileReference; lastKnownFileType = sourcecode.swift; path = "UIButton+Extension.swift"; sourceTree = "<group>"; };
		302CFB19242A7D7B0058A503 /* StoriesController.swift */ = {isa = PBXFileReference; lastKnownFileType = sourcecode.swift; path = StoriesController.swift; sourceTree = "<group>"; };
		309DB3FB242718AE00CD75AA /* FBMIF50.app */ = {isa = PBXFileReference; explicitFileType = wrapper.application; includeInIndex = 0; path = FBMIF50.app; sourceTree = BUILT_PRODUCTS_DIR; };
		309DB3FE242718AE00CD75AA /* AppDelegate.swift */ = {isa = PBXFileReference; lastKnownFileType = sourcecode.swift; path = AppDelegate.swift; sourceTree = "<group>"; };
		309DB400242718AE00CD75AA /* SceneDelegate.swift */ = {isa = PBXFileReference; lastKnownFileType = sourcecode.swift; path = SceneDelegate.swift; sourceTree = "<group>"; };
		309DB402242718AE00CD75AA /* ViewController.swift */ = {isa = PBXFileReference; lastKnownFileType = sourcecode.swift; path = ViewController.swift; sourceTree = "<group>"; };
		309DB405242718AE00CD75AA /* Base */ = {isa = PBXFileReference; lastKnownFileType = file.storyboard; name = Base; path = Base.lproj/Main.storyboard; sourceTree = "<group>"; };
		309DB407242718B000CD75AA /* Assets.xcassets */ = {isa = PBXFileReference; lastKnownFileType = folder.assetcatalog; path = Assets.xcassets; sourceTree = "<group>"; };
		309DB40A242718B000CD75AA /* Base */ = {isa = PBXFileReference; lastKnownFileType = file.storyboard; name = Base; path = Base.lproj/LaunchScreen.storyboard; sourceTree = "<group>"; };
		309DB40C242718B000CD75AA /* Info.plist */ = {isa = PBXFileReference; lastKnownFileType = text.plist.xml; path = Info.plist; sourceTree = "<group>"; };
		309DB4122427196000CD75AA /* ContentView.swift */ = {isa = PBXFileReference; lastKnownFileType = sourcecode.swift; path = ContentView.swift; sourceTree = "<group>"; };
		309DB414242719AF00CD75AA /* MainController.swift */ = {isa = PBXFileReference; lastKnownFileType = sourcecode.swift; path = MainController.swift; sourceTree = "<group>"; };
		309DB4192427282100CD75AA /* PhotosGridController.swift */ = {isa = PBXFileReference; lastKnownFileType = sourcecode.swift; path = PhotosGridController.swift; sourceTree = "<group>"; };
/* End PBXFileReference section */

/* Begin PBXFrameworksBuildPhase section */
		309DB3F8242718AE00CD75AA /* Frameworks */ = {
			isa = PBXFrameworksBuildPhase;
			buildActionMask = 2147483647;
			files = (
				309DB41824271E4800CD75AA /* LBTATools in Frameworks */,
			);
			runOnlyForDeploymentPostprocessing = 0;
		};
/* End PBXFrameworksBuildPhase section */

/* Begin PBXGroup section */
		30189CB4242CFDCA002A14EA /* Photos */ = {
			isa = PBXGroup;
			children = (
				30189CB9242CFE33002A14EA /* Reusable */,
				309DB4192427282100CD75AA /* PhotosGridController.swift */,
			);
			path = Photos;
			sourceTree = "<group>";
		};
		30189CB5242CFDDF002A14EA /* Main */ = {
			isa = PBXGroup;
			children = (
				30189CB8242CFE29002A14EA /* Reusable */,
				309DB414242719AF00CD75AA /* MainController.swift */,
			);
			path = Main;
			sourceTree = "<group>";
		};
		30189CB6242CFDEA002A14EA /* Stories */ = {
			isa = PBXGroup;
			children = (
				30189CB7242CFE11002A14EA /* Reusable */,
				302CFB19242A7D7B0058A503 /* StoriesController.swift */,
				30189CC6242D2AE1002A14EA /* PostStoryCollroller.swift */,
			);
			path = Stories;
			sourceTree = "<group>";
		};
		30189CB7242CFE11002A14EA /* Reusable */ = {
			isa = PBXGroup;
			children = (
				30189CBC242D01AE002A14EA /* StoryPhotoCell.swift */,
				30189CC4242D05BD002A14EA /* CreatePostHeader.swift */,
				30189CC8242D3031002A14EA /* StoryCell.swift */,
			);
			path = Reusable;
			sourceTree = "<group>";
		};
		30189CB8242CFE29002A14EA /* Reusable */ = {
			isa = PBXGroup;
			children = (
				30189CBE242D01F1002A14EA /* PostCell.swift */,
				30189CC0242D0218002A14EA /* StoryHeader.swift */,
			);
			path = Reusable;
			sourceTree = "<group>";
		};
		30189CB9242CFE33002A14EA /* Reusable */ = {
			isa = PBXGroup;
			children = (
				30189CBA242D0163002A14EA /* PhotoGridCell.swift */,
			);
			path = Reusable;
			sourceTree = "<group>";
		};
		30189CCA242D4B8F002A14EA /* Extension */ = {
			isa = PBXGroup;
			children = (
				30189CCB242D4BAE002A14EA /* UIButton+Extension.swift */,
			);
			path = Extension;
			sourceTree = "<group>";
		};
		302CFB18242A79E10058A503 /* Controller */ = {
			isa = PBXGroup;
			children = (
				30189CB6242CFDEA002A14EA /* Stories */,
				30189CB5242CFDDF002A14EA /* Main */,
				30189CB4242CFDCA002A14EA /* Photos */,
			);
			path = Controller;
			sourceTree = "<group>";
		};
		309DB3F2242718AE00CD75AA = {
			isa = PBXGroup;
			children = (
				309DB3FD242718AE00CD75AA /* FBMIF50 */,
				309DB3FC242718AE00CD75AA /* Products */,
			);
			sourceTree = "<group>";
		};
		309DB3FC242718AE00CD75AA /* Products */ = {
			isa = PBXGroup;
			children = (
				309DB3FB242718AE00CD75AA /* FBMIF50.app */,
			);
			name = Products;
			sourceTree = "<group>";
		};
		309DB3FD242718AE00CD75AA /* FBMIF50 */ = {
			isa = PBXGroup;
			children = (
				30189CCA242D4B8F002A14EA /* Extension */,
				302CFB18242A79E10058A503 /* Controller */,
				309DB3FE242718AE00CD75AA /* AppDelegate.swift */,
				309DB400242718AE00CD75AA /* SceneDelegate.swift */,
				309DB402242718AE00CD75AA /* ViewController.swift */,
				309DB404242718AE00CD75AA /* Main.storyboard */,
				309DB407242718B000CD75AA /* Assets.xcassets */,
				309DB409242718B000CD75AA /* LaunchScreen.storyboard */,
				309DB40C242718B000CD75AA /* Info.plist */,
				309DB4122427196000CD75AA /* ContentView.swift */,
			);
			path = FBMIF50;
			sourceTree = "<group>";
		};
/* End PBXGroup section */

/* Begin PBXNativeTarget section */
		309DB3FA242718AE00CD75AA /* FBMIF50 */ = {
			isa = PBXNativeTarget;
			buildConfigurationList = 309DB40F242718B000CD75AA /* Build configuration list for PBXNativeTarget "FBMIF50" */;
			buildPhases = (
				309DB3F7242718AE00CD75AA /* Sources */,
				309DB3F8242718AE00CD75AA /* Frameworks */,
				309DB3F9242718AE00CD75AA /* Resources */,
			);
			buildRules = (
			);
			dependencies = (
			);
			name = FBMIF50;
			packageProductDependencies = (
				309DB41724271E4800CD75AA /* LBTATools */,
			);
			productName = FBMIF50;
			productReference = 309DB3FB242718AE00CD75AA /* FBMIF50.app */;
			productType = "com.apple.product-type.application";
		};
/* End PBXNativeTarget section */

/* Begin PBXProject section */
		309DB3F3242718AE00CD75AA /* Project object */ = {
			isa = PBXProject;
			attributes = {
				LastSwiftUpdateCheck = 1130;
				LastUpgradeCheck = 1130;
				ORGANIZATIONNAME = MIF50;
				TargetAttributes = {
					309DB3FA242718AE00CD75AA = {
						CreatedOnToolsVersion = 11.3.1;
					};
				};
			};
			buildConfigurationList = 309DB3F6242718AE00CD75AA /* Build configuration list for PBXProject "FBMIF50" */;
			compatibilityVersion = "Xcode 9.3";
			developmentRegion = en;
			hasScannedForEncodings = 0;
			knownRegions = (
				en,
				Base,
			);
			mainGroup = 309DB3F2242718AE00CD75AA;
			packageReferences = (
				309DB41624271E4800CD75AA /* XCRemoteSwiftPackageReference "LBTATools" */,
			);
			productRefGroup = 309DB3FC242718AE00CD75AA /* Products */;
			projectDirPath = "";
			projectRoot = "";
			targets = (
				309DB3FA242718AE00CD75AA /* FBMIF50 */,
			);
		};
/* End PBXProject section */

/* Begin PBXResourcesBuildPhase section */
		309DB3F9242718AE00CD75AA /* Resources */ = {
			isa = PBXResourcesBuildPhase;
			buildActionMask = 2147483647;
			files = (
				309DB40B242718B000CD75AA /* LaunchScreen.storyboard in Resources */,
				309DB408242718B000CD75AA /* Assets.xcassets in Resources */,
				309DB406242718AE00CD75AA /* Main.storyboard in Resources */,
			);
			runOnlyForDeploymentPostprocessing = 0;
		};
/* End PBXResourcesBuildPhase section */

/* Begin PBXSourcesBuildPhase section */
		309DB3F7242718AE00CD75AA /* Sources */ = {
			isa = PBXSourcesBuildPhase;
			buildActionMask = 2147483647;
			files = (
				30189CC7242D2AE1002A14EA /* PostStoryCollroller.swift in Sources */,
				30189CC5242D05BD002A14EA /* CreatePostHeader.swift in Sources */,
				302CFB1A242A7D7B0058A503 /* StoriesController.swift in Sources */,
				30189CC9242D3031002A14EA /* StoryCell.swift in Sources */,
				309DB41A2427282100CD75AA /* PhotosGridController.swift in Sources */,
				309DB403242718AE00CD75AA /* ViewController.swift in Sources */,
				309DB3FF242718AE00CD75AA /* AppDelegate.swift in Sources */,
				309DB4132427196000CD75AA /* ContentView.swift in Sources */,
				30189CCC242D4BAE002A14EA /* UIButton+Extension.swift in Sources */,
				309DB401242718AE00CD75AA /* SceneDelegate.swift in Sources */,
				30189CBB242D0163002A14EA /* PhotoGridCell.swift in Sources */,
				30189CC1242D0218002A14EA /* StoryHeader.swift in Sources */,
				309DB415242719AF00CD75AA /* MainController.swift in Sources */,
				30189CBD242D01AE002A14EA /* StoryPhotoCell.swift in Sources */,
				30189CBF242D01F1002A14EA /* PostCell.swift in Sources */,
			);
			runOnlyForDeploymentPostprocessing = 0;
		};
/* End PBXSourcesBuildPhase section */

/* Begin PBXVariantGroup section */
		309DB404242718AE00CD75AA /* Main.storyboard */ = {
			isa = PBXVariantGroup;
			children = (
				309DB405242718AE00CD75AA /* Base */,
			);
			name = Main.storyboard;
			sourceTree = "<group>";
		};
		309DB409242718B000CD75AA /* LaunchScreen.storyboard */ = {
			isa = PBXVariantGroup;
			children = (
				309DB40A242718B000CD75AA /* Base */,
			);
			name = LaunchScreen.storyboard;
			sourceTree = "<group>";
		};
/* End PBXVariantGroup section */

/* Begin XCBuildConfiguration section */
		309DB40D242718B000CD75AA /* Debug */ = {
			isa = XCBuildConfiguration;
			buildSettings = {
				ALWAYS_SEARCH_USER_PATHS = NO;
				CLANG_ANALYZER_NONNULL = YES;
				CLANG_ANALYZER_NUMBER_OBJECT_CONVERSION = YES_AGGRESSIVE;
				CLANG_CXX_LANGUAGE_STANDARD = "gnu++14";
				CLANG_CXX_LIBRARY = "libc++";
				CLANG_ENABLE_MODULES = YES;
				CLANG_ENABLE_OBJC_ARC = YES;
				CLANG_ENABLE_OBJC_WEAK = YES;
				CLANG_WARN_BLOCK_CAPTURE_AUTORELEASING = YES;
				CLANG_WARN_BOOL_CONVERSION = YES;
				CLANG_WARN_COMMA = YES;
				CLANG_WARN_CONSTANT_CONVERSION = YES;
				CLANG_WARN_DEPRECATED_OBJC_IMPLEMENTATIONS = YES;
				CLANG_WARN_DIRECT_OBJC_ISA_USAGE = YES_ERROR;
				CLANG_WARN_DOCUMENTATION_COMMENTS = YES;
				CLANG_WARN_EMPTY_BODY = YES;
				CLANG_WARN_ENUM_CONVERSION = YES;
				CLANG_WARN_INFINITE_RECURSION = YES;
				CLANG_WARN_INT_CONVERSION = YES;
				CLANG_WARN_NON_LITERAL_NULL_CONVERSION = YES;
				CLANG_WARN_OBJC_IMPLICIT_RETAIN_SELF = YES;
				CLANG_WARN_OBJC_LITERAL_CONVERSION = YES;
				CLANG_WARN_OBJC_ROOT_CLASS = YES_ERROR;
				CLANG_WARN_RANGE_LOOP_ANALYSIS = YES;
				CLANG_WARN_STRICT_PROTOTYPES = YES;
				CLANG_WARN_SUSPICIOUS_MOVE = YES;
				CLANG_WARN_UNGUARDED_AVAILABILITY = YES_AGGRESSIVE;
				CLANG_WARN_UNREACHABLE_CODE = YES;
				CLANG_WARN__DUPLICATE_METHOD_MATCH = YES;
				COPY_PHASE_STRIP = NO;
				DEBUG_INFORMATION_FORMAT = dwarf;
				ENABLE_STRICT_OBJC_MSGSEND = YES;
				ENABLE_TESTABILITY = YES;
				GCC_C_LANGUAGE_STANDARD = gnu11;
				GCC_DYNAMIC_NO_PIC = NO;
				GCC_NO_COMMON_BLOCKS = YES;
				GCC_OPTIMIZATION_LEVEL = 0;
				GCC_PREPROCESSOR_DEFINITIONS = (
					"DEBUG=1",
					"$(inherited)",
				);
				GCC_WARN_64_TO_32_BIT_CONVERSION = YES;
				GCC_WARN_ABOUT_RETURN_TYPE = YES_ERROR;
				GCC_WARN_UNDECLARED_SELECTOR = YES;
				GCC_WARN_UNINITIALIZED_AUTOS = YES_AGGRESSIVE;
				GCC_WARN_UNUSED_FUNCTION = YES;
				GCC_WARN_UNUSED_VARIABLE = YES;
				IPHONEOS_DEPLOYMENT_TARGET = 13.2;
				MTL_ENABLE_DEBUG_INFO = INCLUDE_SOURCE;
				MTL_FAST_MATH = YES;
				ONLY_ACTIVE_ARCH = YES;
				SDKROOT = iphoneos;
				SWIFT_ACTIVE_COMPILATION_CONDITIONS = DEBUG;
				SWIFT_OPTIMIZATION_LEVEL = "-Onone";
			};
			name = Debug;
		};
		309DB40E242718B000CD75AA /* Release */ = {
			isa = XCBuildConfiguration;
			buildSettings = {
				ALWAYS_SEARCH_USER_PATHS = NO;
				CLANG_ANALYZER_NONNULL = YES;
				CLANG_ANALYZER_NUMBER_OBJECT_CONVERSION = YES_AGGRESSIVE;
				CLANG_CXX_LANGUAGE_STANDARD = "gnu++14";
				CLANG_CXX_LIBRARY = "libc++";
				CLANG_ENABLE_MODULES = YES;
				CLANG_ENABLE_OBJC_ARC = YES;
				CLANG_ENABLE_OBJC_WEAK = YES;
				CLANG_WARN_BLOCK_CAPTURE_AUTORELEASING = YES;
				CLANG_WARN_BOOL_CONVERSION = YES;
				CLANG_WARN_COMMA = YES;
				CLANG_WARN_CONSTANT_CONVERSION = YES;
				CLANG_WARN_DEPRECATED_OBJC_IMPLEMENTATIONS = YES;
				CLANG_WARN_DIRECT_OBJC_ISA_USAGE = YES_ERROR;
				CLANG_WARN_DOCUMENTATION_COMMENTS = YES;
				CLANG_WARN_EMPTY_BODY = YES;
				CLANG_WARN_ENUM_CONVERSION = YES;
				CLANG_WARN_INFINITE_RECURSION = YES;
				CLANG_WARN_INT_CONVERSION = YES;
				CLANG_WARN_NON_LITERAL_NULL_CONVERSION = YES;
				CLANG_WARN_OBJC_IMPLICIT_RETAIN_SELF = YES;
				CLANG_WARN_OBJC_LITERAL_CONVERSION = YES;
				CLANG_WARN_OBJC_ROOT_CLASS = YES_ERROR;
				CLANG_WARN_RANGE_LOOP_ANALYSIS = YES;
				CLANG_WARN_STRICT_PROTOTYPES = YES;
				CLANG_WARN_SUSPICIOUS_MOVE = YES;
				CLANG_WARN_UNGUARDED_AVAILABILITY = YES_AGGRESSIVE;
				CLANG_WARN_UNREACHABLE_CODE = YES;
				CLANG_WARN__DUPLICATE_METHOD_MATCH = YES;
				COPY_PHASE_STRIP = NO;
				DEBUG_INFORMATION_FORMAT = "dwarf-with-dsym";
				ENABLE_NS_ASSERTIONS = NO;
				ENABLE_STRICT_OBJC_MSGSEND = YES;
				GCC_C_LANGUAGE_STANDARD = gnu11;
				GCC_NO_COMMON_BLOCKS = YES;
				GCC_WARN_64_TO_32_BIT_CONVERSION = YES;
				GCC_WARN_ABOUT_RETURN_TYPE = YES_ERROR;
				GCC_WARN_UNDECLARED_SELECTOR = YES;
				GCC_WARN_UNINITIALIZED_AUTOS = YES_AGGRESSIVE;
				GCC_WARN_UNUSED_FUNCTION = YES;
				GCC_WARN_UNUSED_VARIABLE = YES;
				IPHONEOS_DEPLOYMENT_TARGET = 13.2;
				MTL_ENABLE_DEBUG_INFO = NO;
				MTL_FAST_MATH = YES;
				SDKROOT = iphoneos;
				SWIFT_COMPILATION_MODE = wholemodule;
				SWIFT_OPTIMIZATION_LEVEL = "-O";
				VALIDATE_PRODUCT = YES;
			};
			name = Release;
		};
		309DB410242718B000CD75AA /* Debug */ = {
			isa = XCBuildConfiguration;
			buildSettings = {
				ASSETCATALOG_COMPILER_APPICON_NAME = AppIcon;
				CODE_SIGN_STYLE = Automatic;
				DEVELOPMENT_TEAM = GK4GDX3M3T;
				INFOPLIST_FILE = FBMIF50/Info.plist;
				LD_RUNPATH_SEARCH_PATHS = (
					"$(inherited)",
					"@executable_path/Frameworks",
				);
				PRODUCT_BUNDLE_IDENTIFIER = com.MIF50.FBMIF50;
				PRODUCT_NAME = "$(TARGET_NAME)";
				SWIFT_VERSION = 5.0;
				TARGETED_DEVICE_FAMILY = "1,2";
			};
			name = Debug;
		};
		309DB411242718B000CD75AA /* Release */ = {
			isa = XCBuildConfiguration;
			buildSettings = {
				ASSETCATALOG_COMPILER_APPICON_NAME = AppIcon;
				CODE_SIGN_STYLE = Automatic;
				DEVELOPMENT_TEAM = GK4GDX3M3T;
				INFOPLIST_FILE = FBMIF50/Info.plist;
				LD_RUNPATH_SEARCH_PATHS = (
					"$(inherited)",
					"@executable_path/Frameworks",
				);
				PRODUCT_BUNDLE_IDENTIFIER = com.MIF50.FBMIF50;
				PRODUCT_NAME = "$(TARGET_NAME)";
				SWIFT_VERSION = 5.0;
				TARGETED_DEVICE_FAMILY = "1,2";
			};
			name = Release;
		};
/* End XCBuildConfiguration section */

/* Begin XCConfigurationList section */
		309DB3F6242718AE00CD75AA /* Build configuration list for PBXProject "FBMIF50" */ = {
			isa = XCConfigurationList;
			buildConfigurations = (
				309DB40D242718B000CD75AA /* Debug */,
				309DB40E242718B000CD75AA /* Release */,
			);
			defaultConfigurationIsVisible = 0;
			defaultConfigurationName = Release;
		};
		309DB40F242718B000CD75AA /* Build configuration list for PBXNativeTarget "FBMIF50" */ = {
			isa = XCConfigurationList;
			buildConfigurations = (
				309DB410242718B000CD75AA /* Debug */,
				309DB411242718B000CD75AA /* Release */,
			);
			defaultConfigurationIsVisible = 0;
			defaultConfigurationName = Release;
		};
/* End XCConfigurationList section */

/* Begin XCRemoteSwiftPackageReference section */
		309DB41624271E4800CD75AA /* XCRemoteSwiftPackageReference "LBTATools" */ = {
			isa = XCRemoteSwiftPackageReference;
			repositoryURL = "https://github.com/bhlvoong/LBTATools.git";
			requirement = {
				kind = upToNextMajorVersion;
				minimumVersion = 1.0.17;
			};
		};
/* End XCRemoteSwiftPackageReference section */

/* Begin XCSwiftPackageProductDependency section */
		309DB41724271E4800CD75AA /* LBTATools */ = {
			isa = XCSwiftPackageProductDependency;
			package = 309DB41624271E4800CD75AA /* XCRemoteSwiftPackageReference "LBTATools" */;
			productName = LBTATools;
		};
/* End XCSwiftPackageProductDependency section */
	};
	rootObject = 309DB3F3242718AE00CD75AA /* Project object */;
}
